
Microsoft Visual Studio Solution File, Format Version 12.00
# Visual Studio Version 17
VisualStudioVersion = 17.1.32228.430
MinimumVisualStudioVersion = 10.0.40219.1
Project("{FAE04EC0-301F-11D3-BF4B-00C04F79EFBC}") = "BTSUC3", "BTSUC3\BTSUC3.csproj", "{D0BBB4B2-49BA-47BE-B812-3F714F765915}"
EndProject
Global
	GlobalSection(SolutionConfigurationPlatforms) = preSolution
		Debug|Any CPU = Debug|Any CPU
		Release|Any CPU = Release|Any CPU
	EndGlobalSection
	GlobalSection(ProjectConfigurationPlatforms) = postSolution
		{D0BBB4B2-49BA-47BE-B812-3F714F765915}.Debug|Any CPU.ActiveCfg = Debug|Any CPU
		{D0BBB4B2-49BA-47BE-B812-3F714F765915}.Debug|Any CPU.Build.0 = Debug|Any CPU
		{D0BBB4B2-49BA-47BE-B812-3F714F765915}.Release|Any CPU.ActiveCfg = Release|Any CPU
		{D0BBB4B2-49BA-47BE-B812-3F714F765915}.Release|Any CPU.Build.0 = Release|Any CPU
	EndGlobalSection
	GlobalSection(SolutionProperties) = preSolution
		HideSolutionNode = FALSE
	EndGlobalSection
	GlobalSection(ExtensibilityGlobals) = postSolution
		SolutionGuid = {EBB9E942-1828-48F2-9C94-89B2F0104784}
	EndGlobalSection
EndGlobal
