
Microsoft Visual Studio Solution File, Format Version 12.00
# Visual Studio Version 17
VisualStudioVersion = 17.1.32228.430
MinimumVisualStudioVersion = 10.0.40219.1
Project("{FAE04EC0-301F-11D3-BF4B-00C04F79EFBC}") = "HashTable UC1", "HashTable UC1\HashTable UC1.csproj", "{37AA338D-A3B5-43D0-9E96-E827E5A0FE60}"
EndProject
Global
	GlobalSection(SolutionConfigurationPlatforms) = preSolution
		Debug|Any CPU = Debug|Any CPU
		Release|Any CPU = Release|Any CPU
	EndGlobalSection
	GlobalSection(ProjectConfigurationPlatforms) = postSolution
		{37AA338D-A3B5-43D0-9E96-E827E5A0FE60}.Debug|Any CPU.ActiveCfg = Debug|Any CPU
		{37AA338D-A3B5-43D0-9E96-E827E5A0FE60}.Debug|Any CPU.Build.0 = Debug|Any CPU
		{37AA338D-A3B5-43D0-9E96-E827E5A0FE60}.Release|Any CPU.ActiveCfg = Release|Any CPU
		{37AA338D-A3B5-43D0-9E96-E827E5A0FE60}.Release|Any CPU.Build.0 = Release|Any CPU
	EndGlobalSection
	GlobalSection(SolutionProperties) = preSolution
		HideSolutionNode = FALSE
	EndGlobalSection
	GlobalSection(ExtensibilityGlobals) = postSolution
		SolutionGuid = {1ED35D23-2257-4E63-858E-8BF6C57770D4}
	EndGlobalSection
EndGlobal
