
Microsoft Visual Studio Solution File, Format Version 12.00
# Visual Studio Version 17
VisualStudioVersion = 17.1.32228.430
MinimumVisualStudioVersion = 10.0.40219.1
Project("{FAE04EC0-301F-11D3-BF4B-00C04F79EFBC}") = "HashTableUC2", "HashTableUC2\HashTableUC2.csproj", "{B35EA295-4433-45A3-A8E2-31B31D2F8562}"
EndProject
Global
	GlobalSection(SolutionConfigurationPlatforms) = preSolution
		Debug|Any CPU = Debug|Any CPU
		Release|Any CPU = Release|Any CPU
	EndGlobalSection
	GlobalSection(ProjectConfigurationPlatforms) = postSolution
		{B35EA295-4433-45A3-A8E2-31B31D2F8562}.Debug|Any CPU.ActiveCfg = Debug|Any CPU
		{B35EA295-4433-45A3-A8E2-31B31D2F8562}.Debug|Any CPU.Build.0 = Debug|Any CPU
		{B35EA295-4433-45A3-A8E2-31B31D2F8562}.Release|Any CPU.ActiveCfg = Release|Any CPU
		{B35EA295-4433-45A3-A8E2-31B31D2F8562}.Release|Any CPU.Build.0 = Release|Any CPU
	EndGlobalSection
	GlobalSection(SolutionProperties) = preSolution
		HideSolutionNode = FALSE
	EndGlobalSection
	GlobalSection(ExtensibilityGlobals) = postSolution
		SolutionGuid = {AD246F30-F6CB-469D-BC3D-D36124031082}
	EndGlobalSection
EndGlobal
